
Microsoft Visual Studio Solution File, Format Version 12.00
# Visual Studio 15
VisualStudioVersion = 15.0.28307.645
MinimumVisualStudioVersion = 10.0.40219.1
Project("{9A19103F-16F7-4668-BE54-9A1E7A4F7556}") = "LearningLanguagesAngular", "LearningLanguagesAngular\LearningLanguagesAngular.csproj", "{F90AAB83-0161-4713-99AC-53A12E7A498B}"
EndProject
Project("{FAE04EC0-301F-11D3-BF4B-00C04F79EFBC}") = "DAL", "DAL\DAL.csproj", "{C6088E2C-B050-459D-9425-395D6C7C9A37}"
EndProject
Global
	GlobalSection(SolutionConfigurationPlatforms) = preSolution
		Debug|Any CPU = Debug|Any CPU
		Release|Any CPU = Release|Any CPU
	EndGlobalSection
	GlobalSection(ProjectConfigurationPlatforms) = postSolution
		{F90AAB83-0161-4713-99AC-53A12E7A498B}.Debug|Any CPU.ActiveCfg = Debug|Any CPU
		{F90AAB83-0161-4713-99AC-53A12E7A498B}.Debug|Any CPU.Build.0 = Debug|Any CPU
		{F90AAB83-0161-4713-99AC-53A12E7A498B}.Release|Any CPU.ActiveCfg = Release|Any CPU
		{F90AAB83-0161-4713-99AC-53A12E7A498B}.Release|Any CPU.Build.0 = Release|Any CPU
		{C6088E2C-B050-459D-9425-395D6C7C9A37}.Debug|Any CPU.ActiveCfg = Debug|Any CPU
		{C6088E2C-B050-459D-9425-395D6C7C9A37}.Debug|Any CPU.Build.0 = Debug|Any CPU
		{C6088E2C-B050-459D-9425-395D6C7C9A37}.Release|Any CPU.ActiveCfg = Release|Any CPU
		{C6088E2C-B050-459D-9425-395D6C7C9A37}.Release|Any CPU.Build.0 = Release|Any CPU
	EndGlobalSection
	GlobalSection(SolutionProperties) = preSolution
		HideSolutionNode = FALSE
	EndGlobalSection
	GlobalSection(ExtensibilityGlobals) = postSolution
		SolutionGuid = {8E06E9AC-A752-4281-8B4B-BD49B2DDD522}
	EndGlobalSection
EndGlobal
