
Microsoft Visual Studio Solution File, Format Version 12.00
# Visual Studio 15
VisualStudioVersion = 15.0.28307.572
MinimumVisualStudioVersion = 10.0.40219.1
Project("{9A19103F-16F7-4668-BE54-9A1E7A4F7556}") = "DAL", "DAL\DAL.csproj", "{58151DC4-3BDE-482F-B2CB-3F30D2858265}"
EndProject
Project("{9A19103F-16F7-4668-BE54-9A1E7A4F7556}") = "WebSpeak", "WebSpeak\WebSpeak.csproj", "{FF769447-78F1-4127-A703-51A8E34F83B3}"
EndProject
Project("{FAE04EC0-301F-11D3-BF4B-00C04F79EFBC}") = "WebSpeakAngular", "WebSpeakAngular\WebSpeakAngular.csproj", "{9B3C79F6-2D21-4373-B1B4-3A7D578D2E1C}"
EndProject
Global
	GlobalSection(SolutionConfigurationPlatforms) = preSolution
		Debug|Any CPU = Debug|Any CPU
		Release|Any CPU = Release|Any CPU
	EndGlobalSection
	GlobalSection(ProjectConfigurationPlatforms) = postSolution
		{58151DC4-3BDE-482F-B2CB-3F30D2858265}.Debug|Any CPU.ActiveCfg = Debug|Any CPU
		{58151DC4-3BDE-482F-B2CB-3F30D2858265}.Debug|Any CPU.Build.0 = Debug|Any CPU
		{58151DC4-3BDE-482F-B2CB-3F30D2858265}.Release|Any CPU.ActiveCfg = Release|Any CPU
		{58151DC4-3BDE-482F-B2CB-3F30D2858265}.Release|Any CPU.Build.0 = Release|Any CPU
		{FF769447-78F1-4127-A703-51A8E34F83B3}.Debug|Any CPU.ActiveCfg = Debug|Any CPU
		{FF769447-78F1-4127-A703-51A8E34F83B3}.Debug|Any CPU.Build.0 = Debug|Any CPU
		{FF769447-78F1-4127-A703-51A8E34F83B3}.Release|Any CPU.ActiveCfg = Release|Any CPU
		{FF769447-78F1-4127-A703-51A8E34F83B3}.Release|Any CPU.Build.0 = Release|Any CPU
		{9B3C79F6-2D21-4373-B1B4-3A7D578D2E1C}.Debug|Any CPU.ActiveCfg = Debug|Any CPU
		{9B3C79F6-2D21-4373-B1B4-3A7D578D2E1C}.Debug|Any CPU.Build.0 = Debug|Any CPU
		{9B3C79F6-2D21-4373-B1B4-3A7D578D2E1C}.Release|Any CPU.ActiveCfg = Release|Any CPU
		{9B3C79F6-2D21-4373-B1B4-3A7D578D2E1C}.Release|Any CPU.Build.0 = Release|Any CPU
	EndGlobalSection
	GlobalSection(SolutionProperties) = preSolution
		HideSolutionNode = FALSE
	EndGlobalSection
	GlobalSection(ExtensibilityGlobals) = postSolution
		SolutionGuid = {EE0861A0-2754-464B-B126-DFBA52A1E6C3}
	EndGlobalSection
EndGlobal
